
Microsoft Visual Studio Solution File, Format Version 12.00
# Visual Studio Version 16
VisualStudioVersion = 16.0.29728.190
MinimumVisualStudioVersion = 10.0.40219.1
Project("{F184B08F-C81C-45F6-A57F-5ABD9991F28F}") = "Sandbox.Api", "Sandbox.Api\Sandbox.Api.vbproj", "{E71673A4-32E5-4876-8C3F-8EDD4867E6A6}"
EndProject
Project("{F184B08F-C81C-45F6-A57F-5ABD9991F28F}") = "SandBox.Entities", "SandBox.Entities\SandBox.Entities.vbproj", "{08CE0B17-AC39-40BD-9E5C-8D868E3CE496}"
EndProject
Project("{F184B08F-C81C-45F6-A57F-5ABD9991F28F}") = "SandBox.BL", "SandBox.BL\SandBox.BL.vbproj", "{058224EE-EC74-4B12-8418-BF888843C888}"
EndProject
Project("{F184B08F-C81C-45F6-A57F-5ABD9991F28F}") = "Tester", "Tester\Tester.vbproj", "{DB83953B-0FD9-4531-A3B1-FB18480FAC40}"
EndProject
Project("{F184B08F-C81C-45F6-A57F-5ABD9991F28F}") = "Dal", "Dal\Dal.vbproj", "{479F66F5-C85A-4486-80B7-63347328A6BB}"
EndProject
Global
	GlobalSection(SolutionConfigurationPlatforms) = preSolution
		Debug|Any CPU = Debug|Any CPU
		Release|Any CPU = Release|Any CPU
	EndGlobalSection
	GlobalSection(ProjectConfigurationPlatforms) = postSolution
		{E71673A4-32E5-4876-8C3F-8EDD4867E6A6}.Debug|Any CPU.ActiveCfg = Debug|Any CPU
		{E71673A4-32E5-4876-8C3F-8EDD4867E6A6}.Debug|Any CPU.Build.0 = Debug|Any CPU
		{E71673A4-32E5-4876-8C3F-8EDD4867E6A6}.Release|Any CPU.ActiveCfg = Release|Any CPU
		{E71673A4-32E5-4876-8C3F-8EDD4867E6A6}.Release|Any CPU.Build.0 = Release|Any CPU
		{08CE0B17-AC39-40BD-9E5C-8D868E3CE496}.Debug|Any CPU.ActiveCfg = Debug|Any CPU
		{08CE0B17-AC39-40BD-9E5C-8D868E3CE496}.Debug|Any CPU.Build.0 = Debug|Any CPU
		{08CE0B17-AC39-40BD-9E5C-8D868E3CE496}.Release|Any CPU.ActiveCfg = Release|Any CPU
		{08CE0B17-AC39-40BD-9E5C-8D868E3CE496}.Release|Any CPU.Build.0 = Release|Any CPU
		{058224EE-EC74-4B12-8418-BF888843C888}.Debug|Any CPU.ActiveCfg = Debug|Any CPU
		{058224EE-EC74-4B12-8418-BF888843C888}.Debug|Any CPU.Build.0 = Debug|Any CPU
		{058224EE-EC74-4B12-8418-BF888843C888}.Release|Any CPU.ActiveCfg = Release|Any CPU
		{058224EE-EC74-4B12-8418-BF888843C888}.Release|Any CPU.Build.0 = Release|Any CPU
		{DB83953B-0FD9-4531-A3B1-FB18480FAC40}.Debug|Any CPU.ActiveCfg = Debug|Any CPU
		{DB83953B-0FD9-4531-A3B1-FB18480FAC40}.Debug|Any CPU.Build.0 = Debug|Any CPU
		{DB83953B-0FD9-4531-A3B1-FB18480FAC40}.Release|Any CPU.ActiveCfg = Release|Any CPU
		{DB83953B-0FD9-4531-A3B1-FB18480FAC40}.Release|Any CPU.Build.0 = Release|Any CPU
		{479F66F5-C85A-4486-80B7-63347328A6BB}.Debug|Any CPU.ActiveCfg = Debug|Any CPU
		{479F66F5-C85A-4486-80B7-63347328A6BB}.Debug|Any CPU.Build.0 = Debug|Any CPU
		{479F66F5-C85A-4486-80B7-63347328A6BB}.Release|Any CPU.ActiveCfg = Release|Any CPU
		{479F66F5-C85A-4486-80B7-63347328A6BB}.Release|Any CPU.Build.0 = Release|Any CPU
	EndGlobalSection
	GlobalSection(SolutionProperties) = preSolution
		HideSolutionNode = FALSE
	EndGlobalSection
	GlobalSection(ExtensibilityGlobals) = postSolution
		SolutionGuid = {0F888464-CF58-4385-8241-49B2F8717954}
	EndGlobalSection
EndGlobal
